
Microsoft Visual Studio Solution File, Format Version 12.00
# Visual Studio 15
VisualStudioVersion = 15.0.28307.1259
MinimumVisualStudioVersion = 10.0.40219.1
Project("{FAE04EC0-301F-11D3-BF4B-00C04F79EFBC}") = "WpfNetCoreApp1", "WpfNetCoreApp1\WpfNetCoreApp1.csproj", "{28B86716-FD73-4A49-B729-3A036BA66645}"
EndProject
Global
	GlobalSection(SolutionConfigurationPlatforms) = preSolution
		Debug|Any CPU = Debug|Any CPU
		Release|Any CPU = Release|Any CPU
	EndGlobalSection
	GlobalSection(ProjectConfigurationPlatforms) = postSolution
		{28B86716-FD73-4A49-B729-3A036BA66645}.Debug|Any CPU.ActiveCfg = Debug|Any CPU
		{28B86716-FD73-4A49-B729-3A036BA66645}.Debug|Any CPU.Build.0 = Debug|Any CPU
		{28B86716-FD73-4A49-B729-3A036BA66645}.Release|Any CPU.ActiveCfg = Release|Any CPU
		{28B86716-FD73-4A49-B729-3A036BA66645}.Release|Any CPU.Build.0 = Release|Any CPU
	EndGlobalSection
	GlobalSection(SolutionProperties) = preSolution
		HideSolutionNode = FALSE
	EndGlobalSection
	GlobalSection(ExtensibilityGlobals) = postSolution
		SolutionGuid = {57C8CA7B-B046-4B7D-ACEE-BE9C2DC225B4}
	EndGlobalSection
EndGlobal
